
Microsoft Visual Studio Solution File, Format Version 12.00
# Visual Studio 15
VisualStudioVersion = 15.0.28010.2048
MinimumVisualStudioVersion = 10.0.40219.1
Project("{FAE04EC0-301F-11D3-BF4B-00C04F79EFBC}") = "WebSiteCore", "WebSiteCore\WebSiteCore.csproj", "{EF967851-404E-4B1D-BA54-FCA6C9470E03}"
EndProject
Global
	GlobalSection(SolutionConfigurationPlatforms) = preSolution
		Debug|Any CPU = Debug|Any CPU
		Release|Any CPU = Release|Any CPU
	EndGlobalSection
	GlobalSection(ProjectConfigurationPlatforms) = postSolution
		{EF967851-404E-4B1D-BA54-FCA6C9470E03}.Debug|Any CPU.ActiveCfg = Debug|Any CPU
		{EF967851-404E-4B1D-BA54-FCA6C9470E03}.Debug|Any CPU.Build.0 = Debug|Any CPU
		{EF967851-404E-4B1D-BA54-FCA6C9470E03}.Release|Any CPU.ActiveCfg = Release|Any CPU
		{EF967851-404E-4B1D-BA54-FCA6C9470E03}.Release|Any CPU.Build.0 = Release|Any CPU
	EndGlobalSection
	GlobalSection(SolutionProperties) = preSolution
		HideSolutionNode = FALSE
	EndGlobalSection
	GlobalSection(ExtensibilityGlobals) = postSolution
		SolutionGuid = {148F9FD3-72C0-4010-B1DF-EFD379291A9A}
	EndGlobalSection
EndGlobal
